
Microsoft Visual Studio Solution File, Format Version 12.00
# Visual Studio Version 17
VisualStudioVersion = 17.1.32210.238
MinimumVisualStudioVersion = 10.0.40219.1
Project("{FAE04EC0-301F-11D3-BF4B-00C04F79EFBC}") = "Exercise155", "Exercise155\Exercise155.csproj", "{037D26EC-89C6-4D2C-A8E0-D92FCBE3C3E8}"
EndProject
Global
	GlobalSection(SolutionConfigurationPlatforms) = preSolution
		Debug|Any CPU = Debug|Any CPU
		Release|Any CPU = Release|Any CPU
	EndGlobalSection
	GlobalSection(ProjectConfigurationPlatforms) = postSolution
		{037D26EC-89C6-4D2C-A8E0-D92FCBE3C3E8}.Debug|Any CPU.ActiveCfg = Debug|Any CPU
		{037D26EC-89C6-4D2C-A8E0-D92FCBE3C3E8}.Debug|Any CPU.Build.0 = Debug|Any CPU
		{037D26EC-89C6-4D2C-A8E0-D92FCBE3C3E8}.Release|Any CPU.ActiveCfg = Release|Any CPU
		{037D26EC-89C6-4D2C-A8E0-D92FCBE3C3E8}.Release|Any CPU.Build.0 = Release|Any CPU
	EndGlobalSection
	GlobalSection(SolutionProperties) = preSolution
		HideSolutionNode = FALSE
	EndGlobalSection
	GlobalSection(ExtensibilityGlobals) = postSolution
		SolutionGuid = {C9139271-1DD5-4D30-B74D-8A697BB97BE7}
	EndGlobalSection
EndGlobal
